
Microsoft Visual Studio Solution File, Format Version 12.00
# Visual Studio 2012
Project("{F184B08F-C81C-45F6-A57F-5ABD9991F28F}") = "445Project", "445Project\445Project.vbproj", "{A90282DB-4D40-4536-8533-106D609A5901}"
EndProject
Global
	GlobalSection(SolutionConfigurationPlatforms) = preSolution
		Debug|Any CPU = Debug|Any CPU
		Release|Any CPU = Release|Any CPU
	EndGlobalSection
	GlobalSection(ProjectConfigurationPlatforms) = postSolution
		{A90282DB-4D40-4536-8533-106D609A5901}.Debug|Any CPU.ActiveCfg = Debug|Any CPU
		{A90282DB-4D40-4536-8533-106D609A5901}.Debug|Any CPU.Build.0 = Debug|Any CPU
		{A90282DB-4D40-4536-8533-106D609A5901}.Release|Any CPU.ActiveCfg = Release|Any CPU
		{A90282DB-4D40-4536-8533-106D609A5901}.Release|Any CPU.Build.0 = Release|Any CPU
	EndGlobalSection
	GlobalSection(SolutionProperties) = preSolution
		HideSolutionNode = FALSE
	EndGlobalSection
EndGlobal
